
Microsoft Visual Studio Solution File, Format Version 12.00
# Visual Studio 15
VisualStudioVersion = 15.0.28307.1259
MinimumVisualStudioVersion = 10.0.40219.1
Project("{FAE04EC0-301F-11D3-BF4B-00C04F79EFBC}") = "FinalProjectLMS.UI.MVC", "FinalProjectLMS.UI.MVC\FinalProjectLMS.UI.MVC.csproj", "{B274DDBF-C69E-4D0A-A6BF-FD5F5E1C50DD}"
EndProject
Project("{FAE04EC0-301F-11D3-BF4B-00C04F79EFBC}") = "FinalProjectLMS.DATA.EF", "FinalProjectLMS.DATA.EF\FinalProjectLMS.DATA.EF.csproj", "{BDD6C88D-AFAD-4C84-8CE3-55BEA3A97C79}"
EndProject
Global
	GlobalSection(SolutionConfigurationPlatforms) = preSolution
		Debug|Any CPU = Debug|Any CPU
		Release|Any CPU = Release|Any CPU
	EndGlobalSection
	GlobalSection(ProjectConfigurationPlatforms) = postSolution
		{B274DDBF-C69E-4D0A-A6BF-FD5F5E1C50DD}.Debug|Any CPU.ActiveCfg = Debug|Any CPU
		{B274DDBF-C69E-4D0A-A6BF-FD5F5E1C50DD}.Debug|Any CPU.Build.0 = Debug|Any CPU
		{B274DDBF-C69E-4D0A-A6BF-FD5F5E1C50DD}.Release|Any CPU.ActiveCfg = Release|Any CPU
		{B274DDBF-C69E-4D0A-A6BF-FD5F5E1C50DD}.Release|Any CPU.Build.0 = Release|Any CPU
		{BDD6C88D-AFAD-4C84-8CE3-55BEA3A97C79}.Debug|Any CPU.ActiveCfg = Debug|Any CPU
		{BDD6C88D-AFAD-4C84-8CE3-55BEA3A97C79}.Debug|Any CPU.Build.0 = Debug|Any CPU
		{BDD6C88D-AFAD-4C84-8CE3-55BEA3A97C79}.Release|Any CPU.ActiveCfg = Release|Any CPU
		{BDD6C88D-AFAD-4C84-8CE3-55BEA3A97C79}.Release|Any CPU.Build.0 = Release|Any CPU
	EndGlobalSection
	GlobalSection(SolutionProperties) = preSolution
		HideSolutionNode = FALSE
	EndGlobalSection
	GlobalSection(ExtensibilityGlobals) = postSolution
		SolutionGuid = {640F7FEA-9CD4-4E47-9C36-D247C2C7BAB6}
	EndGlobalSection
EndGlobal
